// !$*UTF8*$!
{
	archiveVersion = 1;
	classes = {
	};
	objectVersion = 56;
	objects = {

/* Begin PBXBuildFile section */
		10B00DF9F56209CA8FDF3DFD /* Pods_myCofeHomeApp.framework in Frameworks */ = {isa = PBXBuildFile; fileRef = 3431D9FA5FA408A7F2923139 /* Pods_myCofeHomeApp.framework */; };
		1853DB3E2BE54131001E9D2C /* LoadImage+Extension.swift in Sources */ = {isa = PBXBuildFile; fileRef = 1853DB3D2BE54131001E9D2C /* LoadImage+Extension.swift */; };
		1853DB622BE81CC9001E9D2C /* MessageViewConroller.swift in Sources */ = {isa = PBXBuildFile; fileRef = 1853DB612BE81CC9001E9D2C /* MessageViewConroller.swift */; };
		1853DB642BE81D3D001E9D2C /* MessageView.swift in Sources */ = {isa = PBXBuildFile; fileRef = 1853DB632BE81D3D001E9D2C /* MessageView.swift */; };
		1853DB682BE8E189001E9D2C /* AuthenticationService.swift in Sources */ = {isa = PBXBuildFile; fileRef = 1853DB672BE8E189001E9D2C /* AuthenticationService.swift */; };
		1853DB6D2BECFE5B001E9D2C /* EmailAuthoViewController.swift in Sources */ = {isa = PBXBuildFile; fileRef = 1853DB6C2BECFE5B001E9D2C /* EmailAuthoViewController.swift */; };
		1853DB6F2BED0055001E9D2C /* GoogleService-Info.plist in Resources */ = {isa = PBXBuildFile; fileRef = 1853DB6E2BED0055001E9D2C /* GoogleService-Info.plist */; };
		1853DB712BED27A2001E9D2C /* UIView+Extension.swift in Sources */ = {isa = PBXBuildFile; fileRef = 1853DB702BED27A2001E9D2C /* UIView+Extension.swift */; };
		1853DB732BED61B7001E9D2C /* ProfileView.swift in Sources */ = {isa = PBXBuildFile; fileRef = 1853DB722BED61B7001E9D2C /* ProfileView.swift */; };
		1853DB752BED74F8001E9D2C /* EmailView.swift in Sources */ = {isa = PBXBuildFile; fileRef = 1853DB742BED74F8001E9D2C /* EmailView.swift */; };
		1853DB7D2BEF7664001E9D2C /* ResultSearchBarViewController.swift in Sources */ = {isa = PBXBuildFile; fileRef = 1853DB7C2BEF7664001E9D2C /* ResultSearchBarViewController.swift */; };
		1853DB7F2BEF76C6001E9D2C /* ResultSearchBarCell.swift in Sources */ = {isa = PBXBuildFile; fileRef = 1853DB7E2BEF76C6001E9D2C /* ResultSearchBarCell.swift */; };
		1853DB822BEF783A001E9D2C /* ProductCollectionViewCell.swift in Sources */ = {isa = PBXBuildFile; fileRef = 1853DB812BEF783A001E9D2C /* ProductCollectionViewCell.swift */; };
		1853DB842BEF79B2001E9D2C /* BaseCollectionViewCell.swift in Sources */ = {isa = PBXBuildFile; fileRef = 1853DB832BEF79B2001E9D2C /* BaseCollectionViewCell.swift */; };
		1853DB862BEF7F62001E9D2C /* ProductParfumes.swift in Sources */ = {isa = PBXBuildFile; fileRef = 1853DB852BEF7F62001E9D2C /* ProductParfumes.swift */; };
		188DE6102BD8497300B41403 /* AppDelegate.swift in Sources */ = {isa = PBXBuildFile; fileRef = 188DE60F2BD8497300B41403 /* AppDelegate.swift */; };
		188DE6122BD8497300B41403 /* SceneDelegate.swift in Sources */ = {isa = PBXBuildFile; fileRef = 188DE6112BD8497300B41403 /* SceneDelegate.swift */; };
		188DE6192BD8497600B41403 /* Assets.xcassets in Resources */ = {isa = PBXBuildFile; fileRef = 188DE6182BD8497600B41403 /* Assets.xcassets */; };
		188DE61C2BD8497600B41403 /* LaunchScreen.storyboard in Resources */ = {isa = PBXBuildFile; fileRef = 188DE61A2BD8497600B41403 /* LaunchScreen.storyboard */; };
		188DE6282BD84A2200B41403 /* StartViewController.swift in Sources */ = {isa = PBXBuildFile; fileRef = 188DE6272BD84A2200B41403 /* StartViewController.swift */; };
		188DE62A2BD84A3900B41403 /* StartView.swift in Sources */ = {isa = PBXBuildFile; fileRef = 188DE6292BD84A3900B41403 /* StartView.swift */; };
		188DE62D2BD852DA00B41403 /* AuthorizationViewController.swift in Sources */ = {isa = PBXBuildFile; fileRef = 188DE62C2BD852DA00B41403 /* AuthorizationViewController.swift */; };
		188DE62F2BD8544800B41403 /* AuthoView.swift in Sources */ = {isa = PBXBuildFile; fileRef = 188DE62E2BD8544800B41403 /* AuthoView.swift */; };
		188DE6322BD9001D00B41403 /* BaseView.swift in Sources */ = {isa = PBXBuildFile; fileRef = 188DE6312BD9001D00B41403 /* BaseView.swift */; };
		18B5B5E82BD9187700D73889 /* HomeViewController.swift in Sources */ = {isa = PBXBuildFile; fileRef = 18B5B5E72BD9187700D73889 /* HomeViewController.swift */; };
		18B5B5EB2BD91FF800D73889 /* UserSessionManager.swift in Sources */ = {isa = PBXBuildFile; fileRef = 18B5B5EA2BD91FF800D73889 /* UserSessionManager.swift */; };
		18B5B5F02BD93E6600D73889 /* TabBarViewController.swift in Sources */ = {isa = PBXBuildFile; fileRef = 18B5B5EF2BD93E6600D73889 /* TabBarViewController.swift */; };
		18B5B5F62BD9416200D73889 /* BascetViewController.swift in Sources */ = {isa = PBXBuildFile; fileRef = 18B5B5F52BD9416200D73889 /* BascetViewController.swift */; };
		18B5B5FA2BD9419900D73889 /* CatalogViewController.swift in Sources */ = {isa = PBXBuildFile; fileRef = 18B5B5F92BD9419900D73889 /* CatalogViewController.swift */; };
		18B5B5FC2BD941AF00D73889 /* ProfileViewController.swift in Sources */ = {isa = PBXBuildFile; fileRef = 18B5B5FB2BD941AF00D73889 /* ProfileViewController.swift */; };
		18B5B5FF2BDA2A7500D73889 /* QrCode+Button.swift in Sources */ = {isa = PBXBuildFile; fileRef = 18B5B5FE2BDA2A7500D73889 /* QrCode+Button.swift */; };
		18B5B6012BDA2C9C00D73889 /* CostumTabBar.swift in Sources */ = {isa = PBXBuildFile; fileRef = 18B5B6002BDA2C9C00D73889 /* CostumTabBar.swift */; };
		18B5B6042BDA636F00D73889 /* CategoriesCollectionViewCell.swift in Sources */ = {isa = PBXBuildFile; fileRef = 18B5B6032BDA636F00D73889 /* CategoriesCollectionViewCell.swift */; };
		18B5B6062BDABC7D00D73889 /* ProductsCollectionViewCell.swift in Sources */ = {isa = PBXBuildFile; fileRef = 18B5B6052BDABC7D00D73889 /* ProductsCollectionViewCell.swift */; };
		18B5B6092BDB04B100D73889 /* DetailViewController.swift in Sources */ = {isa = PBXBuildFile; fileRef = 18B5B6082BDB04B100D73889 /* DetailViewController.swift */; };
		18B5B60C2BDBABF500D73889 /* SplashViewController.swift in Sources */ = {isa = PBXBuildFile; fileRef = 18B5B60B2BDBABF500D73889 /* SplashViewController.swift */; };
		18B5B60E2BDBADF000D73889 /* DetailView.swift in Sources */ = {isa = PBXBuildFile; fileRef = 18B5B60D2BDBADF000D73889 /* DetailView.swift */; };
		18B5B6172BDFB2DC00D73889 /* JsonParser.swift in Sources */ = {isa = PBXBuildFile; fileRef = 18B5B6162BDFB2DC00D73889 /* JsonParser.swift */; };
		18B5B6192BDFB85100D73889 /* ProductsJson.swift in Sources */ = {isa = PBXBuildFile; fileRef = 18B5B6182BDFB85100D73889 /* ProductsJson.swift */; };
		18B5B61B2BDFBE4B00D73889 /* Products.json in Resources */ = {isa = PBXBuildFile; fileRef = 18B5B61A2BDFBE4B00D73889 /* Products.json */; };
		18B5B6282BDFD03500D73889 /* Categories.json in Resources */ = {isa = PBXBuildFile; fileRef = 18B5B6272BDFD03500D73889 /* Categories.json */; };
		18B5B62A2BE0CD6C00D73889 /* Cakes.json in Resources */ = {isa = PBXBuildFile; fileRef = 18B5B6292BE0CD6C00D73889 /* Cakes.json */; };
		18B5B62C2BE0D1A100D73889 /* BaseViewController.swift in Sources */ = {isa = PBXBuildFile; fileRef = 18B5B62B2BE0D1A100D73889 /* BaseViewController.swift */; };
		18B5B6312BE2AEE100D73889 /* NetworkService.swift in Sources */ = {isa = PBXBuildFile; fileRef = 18B5B6302BE2AEE100D73889 /* NetworkService.swift */; };
		18B5B6342BE2AF0B00D73889 /* Constant.swift in Sources */ = {isa = PBXBuildFile; fileRef = 18B5B6332BE2AF0B00D73889 /* Constant.swift */; };
		18B5B6362BE2B03800D73889 /* ProductCategories.swift in Sources */ = {isa = PBXBuildFile; fileRef = 18B5B6352BE2B03800D73889 /* ProductCategories.swift */; };
		18B5B6382BE363AB00D73889 /* ProductsMeals.swift in Sources */ = {isa = PBXBuildFile; fileRef = 18B5B6372BE363AB00D73889 /* ProductsMeals.swift */; };
/* End PBXBuildFile section */

/* Begin PBXFileReference section */
		1853DB3D2BE54131001E9D2C /* LoadImage+Extension.swift */ = {isa = PBXFileReference; lastKnownFileType = sourcecode.swift; path = "LoadImage+Extension.swift"; sourceTree = "<group>"; };
		1853DB612BE81CC9001E9D2C /* MessageViewConroller.swift */ = {isa = PBXFileReference; lastKnownFileType = sourcecode.swift; path = MessageViewConroller.swift; sourceTree = "<group>"; };
		1853DB632BE81D3D001E9D2C /* MessageView.swift */ = {isa = PBXFileReference; lastKnownFileType = sourcecode.swift; path = MessageView.swift; sourceTree = "<group>"; };
		1853DB672BE8E189001E9D2C /* AuthenticationService.swift */ = {isa = PBXFileReference; lastKnownFileType = sourcecode.swift; path = AuthenticationService.swift; sourceTree = "<group>"; };
		1853DB6C2BECFE5B001E9D2C /* EmailAuthoViewController.swift */ = {isa = PBXFileReference; lastKnownFileType = sourcecode.swift; path = EmailAuthoViewController.swift; sourceTree = "<group>"; };
		1853DB6E2BED0055001E9D2C /* GoogleService-Info.plist */ = {isa = PBXFileReference; fileEncoding = 4; lastKnownFileType = text.plist.xml; path = "GoogleService-Info.plist"; sourceTree = "<group>"; };
		1853DB702BED27A2001E9D2C /* UIView+Extension.swift */ = {isa = PBXFileReference; lastKnownFileType = sourcecode.swift; path = "UIView+Extension.swift"; sourceTree = "<group>"; };
		1853DB722BED61B7001E9D2C /* ProfileView.swift */ = {isa = PBXFileReference; lastKnownFileType = sourcecode.swift; path = ProfileView.swift; sourceTree = "<group>"; };
		1853DB742BED74F8001E9D2C /* EmailView.swift */ = {isa = PBXFileReference; lastKnownFileType = sourcecode.swift; path = EmailView.swift; sourceTree = "<group>"; };
		1853DB7C2BEF7664001E9D2C /* ResultSearchBarViewController.swift */ = {isa = PBXFileReference; lastKnownFileType = sourcecode.swift; path = ResultSearchBarViewController.swift; sourceTree = "<group>"; };
		1853DB7E2BEF76C6001E9D2C /* ResultSearchBarCell.swift */ = {isa = PBXFileReference; lastKnownFileType = sourcecode.swift; path = ResultSearchBarCell.swift; sourceTree = "<group>"; };
		1853DB812BEF783A001E9D2C /* ProductCollectionViewCell.swift */ = {isa = PBXFileReference; lastKnownFileType = sourcecode.swift; path = ProductCollectionViewCell.swift; sourceTree = "<group>"; };
		1853DB832BEF79B2001E9D2C /* BaseCollectionViewCell.swift */ = {isa = PBXFileReference; lastKnownFileType = sourcecode.swift; path = BaseCollectionViewCell.swift; sourceTree = "<group>"; };
		1853DB852BEF7F62001E9D2C /* ProductParfumes.swift */ = {isa = PBXFileReference; lastKnownFileType = sourcecode.swift; path = ProductParfumes.swift; sourceTree = "<group>"; };
		188DE60C2BD8497300B41403 /* myCofeHomeApp.app */ = {isa = PBXFileReference; explicitFileType = wrapper.application; includeInIndex = 0; path = myCofeHomeApp.app; sourceTree = BUILT_PRODUCTS_DIR; };
		188DE60F2BD8497300B41403 /* AppDelegate.swift */ = {isa = PBXFileReference; lastKnownFileType = sourcecode.swift; path = AppDelegate.swift; sourceTree = "<group>"; };
		188DE6112BD8497300B41403 /* SceneDelegate.swift */ = {isa = PBXFileReference; lastKnownFileType = sourcecode.swift; path = SceneDelegate.swift; sourceTree = "<group>"; };
		188DE6182BD8497600B41403 /* Assets.xcassets */ = {isa = PBXFileReference; lastKnownFileType = folder.assetcatalog; path = Assets.xcassets; sourceTree = "<group>"; };
		188DE61B2BD8497600B41403 /* Base */ = {isa = PBXFileReference; lastKnownFileType = file.storyboard; name = Base; path = Base.lproj/LaunchScreen.storyboard; sourceTree = "<group>"; };
		188DE61D2BD8497600B41403 /* Info.plist */ = {isa = PBXFileReference; lastKnownFileType = text.plist.xml; path = Info.plist; sourceTree = "<group>"; };
		188DE6272BD84A2200B41403 /* StartViewController.swift */ = {isa = PBXFileReference; lastKnownFileType = sourcecode.swift; path = StartViewController.swift; sourceTree = "<group>"; };
		188DE6292BD84A3900B41403 /* StartView.swift */ = {isa = PBXFileReference; lastKnownFileType = sourcecode.swift; path = StartView.swift; sourceTree = "<group>"; };
		188DE62C2BD852DA00B41403 /* AuthorizationViewController.swift */ = {isa = PBXFileReference; lastKnownFileType = sourcecode.swift; path = AuthorizationViewController.swift; sourceTree = "<group>"; };
		188DE62E2BD8544800B41403 /* AuthoView.swift */ = {isa = PBXFileReference; lastKnownFileType = sourcecode.swift; path = AuthoView.swift; sourceTree = "<group>"; };
		188DE6312BD9001D00B41403 /* BaseView.swift */ = {isa = PBXFileReference; lastKnownFileType = sourcecode.swift; path = BaseView.swift; sourceTree = "<group>"; };
		18B5B5E72BD9187700D73889 /* HomeViewController.swift */ = {isa = PBXFileReference; lastKnownFileType = sourcecode.swift; path = HomeViewController.swift; sourceTree = "<group>"; };
		18B5B5EA2BD91FF800D73889 /* UserSessionManager.swift */ = {isa = PBXFileReference; lastKnownFileType = sourcecode.swift; path = UserSessionManager.swift; sourceTree = "<group>"; };
		18B5B5EF2BD93E6600D73889 /* TabBarViewController.swift */ = {isa = PBXFileReference; lastKnownFileType = sourcecode.swift; path = TabBarViewController.swift; sourceTree = "<group>"; };
		18B5B5F52BD9416200D73889 /* BascetViewController.swift */ = {isa = PBXFileReference; lastKnownFileType = sourcecode.swift; path = BascetViewController.swift; sourceTree = "<group>"; };
		18B5B5F92BD9419900D73889 /* CatalogViewController.swift */ = {isa = PBXFileReference; lastKnownFileType = sourcecode.swift; path = CatalogViewController.swift; sourceTree = "<group>"; };
		18B5B5FB2BD941AF00D73889 /* ProfileViewController.swift */ = {isa = PBXFileReference; lastKnownFileType = sourcecode.swift; path = ProfileViewController.swift; sourceTree = "<group>"; };
		18B5B5FE2BDA2A7500D73889 /* QrCode+Button.swift */ = {isa = PBXFileReference; lastKnownFileType = sourcecode.swift; path = "QrCode+Button.swift"; sourceTree = "<group>"; };
		18B5B6002BDA2C9C00D73889 /* CostumTabBar.swift */ = {isa = PBXFileReference; lastKnownFileType = sourcecode.swift; path = CostumTabBar.swift; sourceTree = "<group>"; };
		18B5B6032BDA636F00D73889 /* CategoriesCollectionViewCell.swift */ = {isa = PBXFileReference; lastKnownFileType = sourcecode.swift; path = CategoriesCollectionViewCell.swift; sourceTree = "<group>"; };
		18B5B6052BDABC7D00D73889 /* ProductsCollectionViewCell.swift */ = {isa = PBXFileReference; lastKnownFileType = sourcecode.swift; path = ProductsCollectionViewCell.swift; sourceTree = "<group>"; };
		18B5B6082BDB04B100D73889 /* DetailViewController.swift */ = {isa = PBXFileReference; lastKnownFileType = sourcecode.swift; path = DetailViewController.swift; sourceTree = "<group>"; };
		18B5B60B2BDBABF500D73889 /* SplashViewController.swift */ = {isa = PBXFileReference; lastKnownFileType = sourcecode.swift; path = SplashViewController.swift; sourceTree = "<group>"; };
		18B5B60D2BDBADF000D73889 /* DetailView.swift */ = {isa = PBXFileReference; lastKnownFileType = sourcecode.swift; path = DetailView.swift; sourceTree = "<group>"; };
		18B5B6162BDFB2DC00D73889 /* JsonParser.swift */ = {isa = PBXFileReference; lastKnownFileType = sourcecode.swift; path = JsonParser.swift; sourceTree = "<group>"; };
		18B5B6182BDFB85100D73889 /* ProductsJson.swift */ = {isa = PBXFileReference; lastKnownFileType = sourcecode.swift; path = ProductsJson.swift; sourceTree = "<group>"; };
		18B5B61A2BDFBE4B00D73889 /* Products.json */ = {isa = PBXFileReference; lastKnownFileType = text.json; path = Products.json; sourceTree = "<group>"; };
		18B5B6272BDFD03500D73889 /* Categories.json */ = {isa = PBXFileReference; lastKnownFileType = text.json; path = Categories.json; sourceTree = "<group>"; };
		18B5B6292BE0CD6C00D73889 /* Cakes.json */ = {isa = PBXFileReference; lastKnownFileType = text.json; path = Cakes.json; sourceTree = "<group>"; };
		18B5B62B2BE0D1A100D73889 /* BaseViewController.swift */ = {isa = PBXFileReference; lastKnownFileType = sourcecode.swift; path = BaseViewController.swift; sourceTree = "<group>"; };
		18B5B6302BE2AEE100D73889 /* NetworkService.swift */ = {isa = PBXFileReference; lastKnownFileType = sourcecode.swift; path = NetworkService.swift; sourceTree = "<group>"; };
		18B5B6332BE2AF0B00D73889 /* Constant.swift */ = {isa = PBXFileReference; lastKnownFileType = sourcecode.swift; path = Constant.swift; sourceTree = "<group>"; };
		18B5B6352BE2B03800D73889 /* ProductCategories.swift */ = {isa = PBXFileReference; lastKnownFileType = sourcecode.swift; path = ProductCategories.swift; sourceTree = "<group>"; };
		18B5B6372BE363AB00D73889 /* ProductsMeals.swift */ = {isa = PBXFileReference; lastKnownFileType = sourcecode.swift; path = ProductsMeals.swift; sourceTree = "<group>"; };
		3431D9FA5FA408A7F2923139 /* Pods_myCofeHomeApp.framework */ = {isa = PBXFileReference; explicitFileType = wrapper.framework; includeInIndex = 0; path = Pods_myCofeHomeApp.framework; sourceTree = BUILT_PRODUCTS_DIR; };
		91ED7DDDB474C2BE0D2E3B46 /* Pods-myCofeHomeApp.debug.xcconfig */ = {isa = PBXFileReference; includeInIndex = 1; lastKnownFileType = text.xcconfig; name = "Pods-myCofeHomeApp.debug.xcconfig"; path = "Target Support Files/Pods-myCofeHomeApp/Pods-myCofeHomeApp.debug.xcconfig"; sourceTree = "<group>"; };
		9D7EDE43942C3970B2070A1B /* Pods-myCofeHomeApp.release.xcconfig */ = {isa = PBXFileReference; includeInIndex = 1; lastKnownFileType = text.xcconfig; name = "Pods-myCofeHomeApp.release.xcconfig"; path = "Target Support Files/Pods-myCofeHomeApp/Pods-myCofeHomeApp.release.xcconfig"; sourceTree = "<group>"; };
/* End PBXFileReference section */

/* Begin PBXFrameworksBuildPhase section */
		188DE6092BD8497300B41403 /* Frameworks */ = {
			isa = PBXFrameworksBuildPhase;
			buildActionMask = 2147483647;
			files = (
				10B00DF9F56209CA8FDF3DFD /* Pods_myCofeHomeApp.framework in Frameworks */,
			);
			runOnlyForDeploymentPostprocessing = 0;
		};
/* End PBXFrameworksBuildPhase section */

/* Begin PBXGroup section */
		072BF7E4471FC852B011EF2C /* Frameworks */ = {
			isa = PBXGroup;
			children = (
				3431D9FA5FA408A7F2923139 /* Pods_myCofeHomeApp.framework */,
			);
			name = Frameworks;
			sourceTree = "<group>";
		};
		1853DB3F2BE7B277001E9D2C /* Extensions */ = {
			isa = PBXGroup;
			children = (
				18B5B5FE2BDA2A7500D73889 /* QrCode+Button.swift */,
				1853DB3D2BE54131001E9D2C /* LoadImage+Extension.swift */,
				1853DB702BED27A2001E9D2C /* UIView+Extension.swift */,
			);
			path = Extensions;
			sourceTree = "<group>";
		};
		1853DB602BE81CA5001E9D2C /* SMSCode */ = {
			isa = PBXGroup;
			children = (
				1853DB612BE81CC9001E9D2C /* MessageViewConroller.swift */,
				1853DB632BE81D3D001E9D2C /* MessageView.swift */,
			);
			path = SMSCode;
			sourceTree = "<group>";
		};
		1853DB6B2BECFE11001E9D2C /* EmailAuth */ = {
			isa = PBXGroup;
			children = (
				1853DB6C2BECFE5B001E9D2C /* EmailAuthoViewController.swift */,
				1853DB742BED74F8001E9D2C /* EmailView.swift */,
			);
			path = EmailAuth;
			sourceTree = "<group>";
		};
		1853DB7B2BEF7604001E9D2C /* ResultSeachBar */ = {
			isa = PBXGroup;
			children = (
				1853DB7C2BEF7664001E9D2C /* ResultSearchBarViewController.swift */,
				1853DB7E2BEF76C6001E9D2C /* ResultSearchBarCell.swift */,
			);
			path = ResultSeachBar;
			sourceTree = "<group>";
		};
		1853DB802BEF7818001E9D2C /* Cells */ = {
			isa = PBXGroup;
			children = (
				1853DB812BEF783A001E9D2C /* ProductCollectionViewCell.swift */,
			);
			path = Cells;
			sourceTree = "<group>";
		};
		188DE6032BD8497300B41403 = {
			isa = PBXGroup;
			children = (
				188DE60E2BD8497300B41403 /* myCofeHomeApp */,
				188DE60D2BD8497300B41403 /* Products */,
				6F8297850BBE0B7151816CC9 /* Pods */,
				072BF7E4471FC852B011EF2C /* Frameworks */,
			);
			sourceTree = "<group>";
		};
		188DE60D2BD8497300B41403 /* Products */ = {
			isa = PBXGroup;
			children = (
				188DE60C2BD8497300B41403 /* myCofeHomeApp.app */,
			);
			name = Products;
			sourceTree = "<group>";
		};
		188DE60E2BD8497300B41403 /* myCofeHomeApp */ = {
			isa = PBXGroup;
			children = (
				188DE6232BD8498B00B41403 /* App */,
				18B5B5E92BD91FB300D73889 /* Model */,
				188DE6242BD8499900B41403 /* Modules */,
				188DE6252BD849AF00B41403 /* Recources */,
				188DE61D2BD8497600B41403 /* Info.plist */,
			);
			path = myCofeHomeApp;
			sourceTree = "<group>";
		};
		188DE6232BD8498B00B41403 /* App */ = {
			isa = PBXGroup;
			children = (
				188DE60F2BD8497300B41403 /* AppDelegate.swift */,
				188DE6112BD8497300B41403 /* SceneDelegate.swift */,
			);
			path = App;
			sourceTree = "<group>";
		};
		188DE6242BD8499900B41403 /* Modules */ = {
			isa = PBXGroup;
			children = (
				188DE6302BD9000300B41403 /* Base */,
				18B5B60A2BDBABD700D73889 /* Splash */,
				188DE6262BD849EC00B41403 /* Start */,
				1853DB6B2BECFE11001E9D2C /* EmailAuth */,
				188DE62B2BD852A300B41403 /* Authorization */,
				1853DB602BE81CA5001E9D2C /* SMSCode */,
				18B5B5EE2BD93E4E00D73889 /* TabBar */,
				18B5B5E62BD9184700D73889 /* Home */,
				18B5B5F12BD9401200D73889 /* Bascet */,
				18B5B5F32BD940BD00D73889 /* Сatalog */,
				18B5B5F42BD9412A00D73889 /* Profile */,
				18B5B6072BDB048A00D73889 /* Details */,
			);
			path = Modules;
			sourceTree = "<group>";
		};
		188DE6252BD849AF00B41403 /* Recources */ = {
			isa = PBXGroup;
			children = (
				1853DB6E2BED0055001E9D2C /* GoogleService-Info.plist */,
				188DE6182BD8497600B41403 /* Assets.xcassets */,
				188DE61A2BD8497600B41403 /* LaunchScreen.storyboard */,
			);
			path = Recources;
			sourceTree = "<group>";
		};
		188DE6262BD849EC00B41403 /* Start */ = {
			isa = PBXGroup;
			children = (
				188DE6272BD84A2200B41403 /* StartViewController.swift */,
				188DE6292BD84A3900B41403 /* StartView.swift */,
			);
			path = Start;
			sourceTree = "<group>";
		};
		188DE62B2BD852A300B41403 /* Authorization */ = {
			isa = PBXGroup;
			children = (
				188DE62C2BD852DA00B41403 /* AuthorizationViewController.swift */,
				188DE62E2BD8544800B41403 /* AuthoView.swift */,
			);
			path = Authorization;
			sourceTree = "<group>";
		};
		188DE6302BD9000300B41403 /* Base */ = {
			isa = PBXGroup;
			children = (
				188DE6312BD9001D00B41403 /* BaseView.swift */,
				18B5B62B2BE0D1A100D73889 /* BaseViewController.swift */,
				1853DB832BEF79B2001E9D2C /* BaseCollectionViewCell.swift */,
			);
			path = Base;
			sourceTree = "<group>";
		};
		18B5B5E62BD9184700D73889 /* Home */ = {
			isa = PBXGroup;
			children = (
				18B5B5E72BD9187700D73889 /* HomeViewController.swift */,
				1853DB7B2BEF7604001E9D2C /* ResultSeachBar */,
				18B5B6022BDA633100D73889 /* Cells */,
			);
			path = Home;
			sourceTree = "<group>";
		};
		18B5B5E92BD91FB300D73889 /* Model */ = {
			isa = PBXGroup;
			children = (
				1853DB3F2BE7B277001E9D2C /* Extensions */,
				18B5B6322BE2AEFB00D73889 /* Constants */,
				18B5B61C2BDFC43700D73889 /* DTOs */,
				18B5B6132BDFB0B600D73889 /* JSON */,
				18B5B6122BDFB0A900D73889 /* Services */,
			);
			path = Model;
			sourceTree = "<group>";
		};
		18B5B5EE2BD93E4E00D73889 /* TabBar */ = {
			isa = PBXGroup;
			children = (
				18B5B5EF2BD93E6600D73889 /* TabBarViewController.swift */,
				18B5B6002BDA2C9C00D73889 /* CostumTabBar.swift */,
			);
			path = TabBar;
			sourceTree = "<group>";
		};
		18B5B5F12BD9401200D73889 /* Bascet */ = {
			isa = PBXGroup;
			children = (
				18B5B5F52BD9416200D73889 /* BascetViewController.swift */,
				1853DB802BEF7818001E9D2C /* Cells */,
			);
			path = Bascet;
			sourceTree = "<group>";
		};
		18B5B5F32BD940BD00D73889 /* Сatalog */ = {
			isa = PBXGroup;
			children = (
				18B5B5F92BD9419900D73889 /* CatalogViewController.swift */,
			);
			path = "Сatalog";
			sourceTree = "<group>";
		};
		18B5B5F42BD9412A00D73889 /* Profile */ = {
			isa = PBXGroup;
			children = (
				18B5B5FB2BD941AF00D73889 /* ProfileViewController.swift */,
				1853DB722BED61B7001E9D2C /* ProfileView.swift */,
			);
			path = Profile;
			sourceTree = "<group>";
		};
		18B5B6022BDA633100D73889 /* Cells */ = {
			isa = PBXGroup;
			children = (
				18B5B6032BDA636F00D73889 /* CategoriesCollectionViewCell.swift */,
				18B5B6052BDABC7D00D73889 /* ProductsCollectionViewCell.swift */,
			);
			path = Cells;
			sourceTree = "<group>";
		};
		18B5B6072BDB048A00D73889 /* Details */ = {
			isa = PBXGroup;
			children = (
				18B5B6082BDB04B100D73889 /* DetailViewController.swift */,
				18B5B62D2BE2633000D73889 /* Components */,
			);
			path = Details;
			sourceTree = "<group>";
		};
		18B5B60A2BDBABD700D73889 /* Splash */ = {
			isa = PBXGroup;
			children = (
				18B5B60B2BDBABF500D73889 /* SplashViewController.swift */,
			);
			path = Splash;
			sourceTree = "<group>";
		};
		18B5B6122BDFB0A900D73889 /* Services */ = {
			isa = PBXGroup;
			children = (
				18B5B5EA2BD91FF800D73889 /* UserSessionManager.swift */,
				18B5B6162BDFB2DC00D73889 /* JsonParser.swift */,
				18B5B6302BE2AEE100D73889 /* NetworkService.swift */,
				1853DB672BE8E189001E9D2C /* AuthenticationService.swift */,
			);
			path = Services;
			sourceTree = "<group>";
		};
		18B5B6132BDFB0B600D73889 /* JSON */ = {
			isa = PBXGroup;
			children = (
				18B5B6182BDFB85100D73889 /* ProductsJson.swift */,
				18B5B61A2BDFBE4B00D73889 /* Products.json */,
				18B5B6272BDFD03500D73889 /* Categories.json */,
				18B5B6292BE0CD6C00D73889 /* Cakes.json */,
			);
			path = JSON;
			sourceTree = "<group>";
		};
		18B5B61C2BDFC43700D73889 /* DTOs */ = {
			isa = PBXGroup;
			children = (
				18B5B6352BE2B03800D73889 /* ProductCategories.swift */,
				18B5B6372BE363AB00D73889 /* ProductsMeals.swift */,
				1853DB852BEF7F62001E9D2C /* ProductParfumes.swift */,
			);
			path = DTOs;
			sourceTree = "<group>";
		};
		18B5B62D2BE2633000D73889 /* Components */ = {
			isa = PBXGroup;
			children = (
				18B5B60D2BDBADF000D73889 /* DetailView.swift */,
			);
			path = Components;
			sourceTree = "<group>";
		};
		18B5B6322BE2AEFB00D73889 /* Constants */ = {
			isa = PBXGroup;
			children = (
				18B5B6332BE2AF0B00D73889 /* Constant.swift */,
			);
			path = Constants;
			sourceTree = "<group>";
		};
		6F8297850BBE0B7151816CC9 /* Pods */ = {
			isa = PBXGroup;
			children = (
				91ED7DDDB474C2BE0D2E3B46 /* Pods-myCofeHomeApp.debug.xcconfig */,
				9D7EDE43942C3970B2070A1B /* Pods-myCofeHomeApp.release.xcconfig */,
			);
			path = Pods;
			sourceTree = "<group>";
		};
/* End PBXGroup section */

/* Begin PBXNativeTarget section */
		188DE60B2BD8497300B41403 /* myCofeHomeApp */ = {
			isa = PBXNativeTarget;
			buildConfigurationList = 188DE6202BD8497600B41403 /* Build configuration list for PBXNativeTarget "myCofeHomeApp" */;
			buildPhases = (
				6C17E494789C791DD2C5EB27 /* [CP] Check Pods Manifest.lock */,
				188DE6082BD8497300B41403 /* Sources */,
				188DE6092BD8497300B41403 /* Frameworks */,
				188DE60A2BD8497300B41403 /* Resources */,
				110C0026B0B2816320F6EE1C /* [CP] Embed Pods Frameworks */,
			);
			buildRules = (
			);
			dependencies = (
			);
			name = myCofeHomeApp;
			productName = myCofeHomeApp;
			productReference = 188DE60C2BD8497300B41403 /* myCofeHomeApp.app */;
			productType = "com.apple.product-type.application";
		};
/* End PBXNativeTarget section */

/* Begin PBXProject section */
		188DE6042BD8497300B41403 /* Project object */ = {
			isa = PBXProject;
			attributes = {
				BuildIndependentTargetsInParallel = 1;
				LastSwiftUpdateCheck = 1520;
				LastUpgradeCheck = 1520;
				TargetAttributes = {
					188DE60B2BD8497300B41403 = {
						CreatedOnToolsVersion = 15.2;
					};
				};
			};
			buildConfigurationList = 188DE6072BD8497300B41403 /* Build configuration list for PBXProject "myCofeHomeApp" */;
			compatibilityVersion = "Xcode 14.0";
			developmentRegion = en;
			hasScannedForEncodings = 0;
			knownRegions = (
				en,
				Base,
			);
			mainGroup = 188DE6032BD8497300B41403;
			productRefGroup = 188DE60D2BD8497300B41403 /* Products */;
			projectDirPath = "";
			projectRoot = "";
			targets = (
				188DE60B2BD8497300B41403 /* myCofeHomeApp */,
			);
		};
/* End PBXProject section */

/* Begin PBXResourcesBuildPhase section */
		188DE60A2BD8497300B41403 /* Resources */ = {
			isa = PBXResourcesBuildPhase;
			buildActionMask = 2147483647;
			files = (
				188DE61C2BD8497600B41403 /* LaunchScreen.storyboard in Resources */,
				18B5B6282BDFD03500D73889 /* Categories.json in Resources */,
				18B5B62A2BE0CD6C00D73889 /* Cakes.json in Resources */,
				188DE6192BD8497600B41403 /* Assets.xcassets in Resources */,
				18B5B61B2BDFBE4B00D73889 /* Products.json in Resources */,
				1853DB6F2BED0055001E9D2C /* GoogleService-Info.plist in Resources */,
			);
			runOnlyForDeploymentPostprocessing = 0;
		};
/* End PBXResourcesBuildPhase section */

/* Begin PBXShellScriptBuildPhase section */
		110C0026B0B2816320F6EE1C /* [CP] Embed Pods Frameworks */ = {
			isa = PBXShellScriptBuildPhase;
			buildActionMask = 2147483647;
			files = (
			);
			inputFileListPaths = (
				"${PODS_ROOT}/Target Support Files/Pods-myCofeHomeApp/Pods-myCofeHomeApp-frameworks-${CONFIGURATION}-input-files.xcfilelist",
			);
			name = "[CP] Embed Pods Frameworks";
			outputFileListPaths = (
				"${PODS_ROOT}/Target Support Files/Pods-myCofeHomeApp/Pods-myCofeHomeApp-frameworks-${CONFIGURATION}-output-files.xcfilelist",
			);
			runOnlyForDeploymentPostprocessing = 0;
			shellPath = /bin/sh;
			shellScript = "\"${PODS_ROOT}/Target Support Files/Pods-myCofeHomeApp/Pods-myCofeHomeApp-frameworks.sh\"\n";
			showEnvVarsInLog = 0;
		};
		6C17E494789C791DD2C5EB27 /* [CP] Check Pods Manifest.lock */ = {
			isa = PBXShellScriptBuildPhase;
			buildActionMask = 2147483647;
			files = (
			);
			inputFileListPaths = (
			);
			inputPaths = (
				"${PODS_PODFILE_DIR_PATH}/Podfile.lock",
				"${PODS_ROOT}/Manifest.lock",
			);
			name = "[CP] Check Pods Manifest.lock";
			outputFileListPaths = (
			);
			outputPaths = (
				"$(DERIVED_FILE_DIR)/Pods-myCofeHomeApp-checkManifestLockResult.txt",
			);
			runOnlyForDeploymentPostprocessing = 0;
			shellPath = /bin/sh;
			shellScript = "diff \"${PODS_PODFILE_DIR_PATH}/Podfile.lock\" \"${PODS_ROOT}/Manifest.lock\" > /dev/null\nif [ $? != 0 ] ; then\n    # print error to STDERR\n    echo \"error: The sandbox is not in sync with the Podfile.lock. Run 'pod install' or update your CocoaPods installation.\" >&2\n    exit 1\nfi\n# This output is used by Xcode 'outputs' to avoid re-running this script phase.\necho \"SUCCESS\" > \"${SCRIPT_OUTPUT_FILE_0}\"\n";
			showEnvVarsInLog = 0;
		};
/* End PBXShellScriptBuildPhase section */

/* Begin PBXSourcesBuildPhase section */
		188DE6082BD8497300B41403 /* Sources */ = {
			isa = PBXSourcesBuildPhase;
			buildActionMask = 2147483647;
			files = (
				18B5B5FA2BD9419900D73889 /* CatalogViewController.swift in Sources */,
				188DE62F2BD8544800B41403 /* AuthoView.swift in Sources */,
				1853DB642BE81D3D001E9D2C /* MessageView.swift in Sources */,
				18B5B6012BDA2C9C00D73889 /* CostumTabBar.swift in Sources */,
				18B5B5EB2BD91FF800D73889 /* UserSessionManager.swift in Sources */,
				18B5B62C2BE0D1A100D73889 /* BaseViewController.swift in Sources */,
				1853DB3E2BE54131001E9D2C /* LoadImage+Extension.swift in Sources */,
				18B5B5FF2BDA2A7500D73889 /* QrCode+Button.swift in Sources */,
				1853DB712BED27A2001E9D2C /* UIView+Extension.swift in Sources */,
				18B5B5F02BD93E6600D73889 /* TabBarViewController.swift in Sources */,
				1853DB842BEF79B2001E9D2C /* BaseCollectionViewCell.swift in Sources */,
				188DE6282BD84A2200B41403 /* StartViewController.swift in Sources */,
				1853DB622BE81CC9001E9D2C /* MessageViewConroller.swift in Sources */,
				1853DB732BED61B7001E9D2C /* ProfileView.swift in Sources */,
				18B5B6042BDA636F00D73889 /* CategoriesCollectionViewCell.swift in Sources */,
				18B5B6382BE363AB00D73889 /* ProductsMeals.swift in Sources */,
				1853DB6D2BECFE5B001E9D2C /* EmailAuthoViewController.swift in Sources */,
				188DE6102BD8497300B41403 /* AppDelegate.swift in Sources */,
				18B5B5E82BD9187700D73889 /* HomeViewController.swift in Sources */,
				1853DB822BEF783A001E9D2C /* ProductCollectionViewCell.swift in Sources */,
				188DE6122BD8497300B41403 /* SceneDelegate.swift in Sources */,
				18B5B6342BE2AF0B00D73889 /* Constant.swift in Sources */,
				188DE62D2BD852DA00B41403 /* AuthorizationViewController.swift in Sources */,
				18B5B6092BDB04B100D73889 /* DetailViewController.swift in Sources */,
				188DE6322BD9001D00B41403 /* BaseView.swift in Sources */,
				1853DB7D2BEF7664001E9D2C /* ResultSearchBarViewController.swift in Sources */,
				18B5B60C2BDBABF500D73889 /* SplashViewController.swift in Sources */,
				1853DB752BED74F8001E9D2C /* EmailView.swift in Sources */,
				18B5B5F62BD9416200D73889 /* BascetViewController.swift in Sources */,
				18B5B60E2BDBADF000D73889 /* DetailView.swift in Sources */,
				1853DB7F2BEF76C6001E9D2C /* ResultSearchBarCell.swift in Sources */,
				18B5B6362BE2B03800D73889 /* ProductCategories.swift in Sources */,
				18B5B6192BDFB85100D73889 /* ProductsJson.swift in Sources */,
				1853DB682BE8E189001E9D2C /* AuthenticationService.swift in Sources */,
				18B5B5FC2BD941AF00D73889 /* ProfileViewController.swift in Sources */,
				18B5B6062BDABC7D00D73889 /* ProductsCollectionViewCell.swift in Sources */,
				1853DB862BEF7F62001E9D2C /* ProductParfumes.swift in Sources */,
				18B5B6312BE2AEE100D73889 /* NetworkService.swift in Sources */,
				18B5B6172BDFB2DC00D73889 /* JsonParser.swift in Sources */,
				188DE62A2BD84A3900B41403 /* StartView.swift in Sources */,
			);
			runOnlyForDeploymentPostprocessing = 0;
		};
/* End PBXSourcesBuildPhase section */

/* Begin PBXVariantGroup section */
		188DE61A2BD8497600B41403 /* LaunchScreen.storyboard */ = {
			isa = PBXVariantGroup;
			children = (
				188DE61B2BD8497600B41403 /* Base */,
			);
			name = LaunchScreen.storyboard;
			sourceTree = "<group>";
		};
/* End PBXVariantGroup section */

/* Begin XCBuildConfiguration section */
		188DE61E2BD8497600B41403 /* Debug */ = {
			isa = XCBuildConfiguration;
			buildSettings = {
				ALWAYS_SEARCH_USER_PATHS = NO;
				ASSETCATALOG_COMPILER_GENERATE_SWIFT_ASSET_SYMBOL_EXTENSIONS = YES;
				CLANG_ANALYZER_NONNULL = YES;
				CLANG_ANALYZER_NUMBER_OBJECT_CONVERSION = YES_AGGRESSIVE;
				CLANG_CXX_LANGUAGE_STANDARD = "gnu++20";
				CLANG_ENABLE_MODULES = YES;
				CLANG_ENABLE_OBJC_ARC = YES;
				CLANG_ENABLE_OBJC_WEAK = YES;
				CLANG_WARN_BLOCK_CAPTURE_AUTORELEASING = YES;
				CLANG_WARN_BOOL_CONVERSION = YES;
				CLANG_WARN_COMMA = YES;
				CLANG_WARN_CONSTANT_CONVERSION = YES;
				CLANG_WARN_DEPRECATED_OBJC_IMPLEMENTATIONS = YES;
				CLANG_WARN_DIRECT_OBJC_ISA_USAGE = YES_ERROR;
				CLANG_WARN_DOCUMENTATION_COMMENTS = YES;
				CLANG_WARN_EMPTY_BODY = YES;
				CLANG_WARN_ENUM_CONVERSION = YES;
				CLANG_WARN_INFINITE_RECURSION = YES;
				CLANG_WARN_INT_CONVERSION = YES;
				CLANG_WARN_NON_LITERAL_NULL_CONVERSION = YES;
				CLANG_WARN_OBJC_IMPLICIT_RETAIN_SELF = YES;
				CLANG_WARN_OBJC_LITERAL_CONVERSION = YES;
				CLANG_WARN_OBJC_ROOT_CLASS = YES_ERROR;
				CLANG_WARN_QUOTED_INCLUDE_IN_FRAMEWORK_HEADER = YES;
				CLANG_WARN_RANGE_LOOP_ANALYSIS = YES;
				CLANG_WARN_STRICT_PROTOTYPES = YES;
				CLANG_WARN_SUSPICIOUS_MOVE = YES;
				CLANG_WARN_UNGUARDED_AVAILABILITY = YES_AGGRESSIVE;
				CLANG_WARN_UNREACHABLE_CODE = YES;
				CLANG_WARN__DUPLICATE_METHOD_MATCH = YES;
				COPY_PHASE_STRIP = NO;
				DEBUG_INFORMATION_FORMAT = dwarf;
				ENABLE_STRICT_OBJC_MSGSEND = YES;
				ENABLE_TESTABILITY = YES;
				ENABLE_USER_SCRIPT_SANDBOXING = NO;
				GCC_C_LANGUAGE_STANDARD = gnu17;
				GCC_DYNAMIC_NO_PIC = NO;
				GCC_NO_COMMON_BLOCKS = YES;
				GCC_OPTIMIZATION_LEVEL = 0;
				GCC_PREPROCESSOR_DEFINITIONS = (
					"DEBUG=1",
					"$(inherited)",
				);
				GCC_WARN_64_TO_32_BIT_CONVERSION = YES;
				GCC_WARN_ABOUT_RETURN_TYPE = YES_ERROR;
				GCC_WARN_UNDECLARED_SELECTOR = YES;
				GCC_WARN_UNINITIALIZED_AUTOS = YES_AGGRESSIVE;
				GCC_WARN_UNUSED_FUNCTION = YES;
				GCC_WARN_UNUSED_VARIABLE = YES;
				IPHONEOS_DEPLOYMENT_TARGET = 16.2;
				LOCALIZATION_PREFERS_STRING_CATALOGS = YES;
				MTL_ENABLE_DEBUG_INFO = INCLUDE_SOURCE;
				MTL_FAST_MATH = YES;
				ONLY_ACTIVE_ARCH = YES;
				SDKROOT = iphoneos;
				SWIFT_ACTIVE_COMPILATION_CONDITIONS = "DEBUG $(inherited)";
				SWIFT_OPTIMIZATION_LEVEL = "-Onone";
			};
			name = Debug;
		};
		188DE61F2BD8497600B41403 /* Release */ = {
			isa = XCBuildConfiguration;
			buildSettings = {
				ALWAYS_SEARCH_USER_PATHS = NO;
				ASSETCATALOG_COMPILER_GENERATE_SWIFT_ASSET_SYMBOL_EXTENSIONS = YES;
				CLANG_ANALYZER_NONNULL = YES;
				CLANG_ANALYZER_NUMBER_OBJECT_CONVERSION = YES_AGGRESSIVE;
				CLANG_CXX_LANGUAGE_STANDARD = "gnu++20";
				CLANG_ENABLE_MODULES = YES;
				CLANG_ENABLE_OBJC_ARC = YES;
				CLANG_ENABLE_OBJC_WEAK = YES;
				CLANG_WARN_BLOCK_CAPTURE_AUTORELEASING = YES;
				CLANG_WARN_BOOL_CONVERSION = YES;
				CLANG_WARN_COMMA = YES;
				CLANG_WARN_CONSTANT_CONVERSION = YES;
				CLANG_WARN_DEPRECATED_OBJC_IMPLEMENTATIONS = YES;
				CLANG_WARN_DIRECT_OBJC_ISA_USAGE = YES_ERROR;
				CLANG_WARN_DOCUMENTATION_COMMENTS = YES;
				CLANG_WARN_EMPTY_BODY = YES;
				CLANG_WARN_ENUM_CONVERSION = YES;
				CLANG_WARN_INFINITE_RECURSION = YES;
				CLANG_WARN_INT_CONVERSION = YES;
				CLANG_WARN_NON_LITERAL_NULL_CONVERSION = YES;
				CLANG_WARN_OBJC_IMPLICIT_RETAIN_SELF = YES;
				CLANG_WARN_OBJC_LITERAL_CONVERSION = YES;
				CLANG_WARN_OBJC_ROOT_CLASS = YES_ERROR;
				CLANG_WARN_QUOTED_INCLUDE_IN_FRAMEWORK_HEADER = YES;
				CLANG_WARN_RANGE_LOOP_ANALYSIS = YES;
				CLANG_WARN_STRICT_PROTOTYPES = YES;
				CLANG_WARN_SUSPICIOUS_MOVE = YES;
				CLANG_WARN_UNGUARDED_AVAILABILITY = YES_AGGRESSIVE;
				CLANG_WARN_UNREACHABLE_CODE = YES;
				CLANG_WARN__DUPLICATE_METHOD_MATCH = YES;
				COPY_PHASE_STRIP = NO;
				DEBUG_INFORMATION_FORMAT = "dwarf-with-dsym";
				ENABLE_NS_ASSERTIONS = NO;
				ENABLE_STRICT_OBJC_MSGSEND = YES;
				ENABLE_USER_SCRIPT_SANDBOXING = NO;
				GCC_C_LANGUAGE_STANDARD = gnu17;
				GCC_NO_COMMON_BLOCKS = YES;
				GCC_WARN_64_TO_32_BIT_CONVERSION = YES;
				GCC_WARN_ABOUT_RETURN_TYPE = YES_ERROR;
				GCC_WARN_UNDECLARED_SELECTOR = YES;
				GCC_WARN_UNINITIALIZED_AUTOS = YES_AGGRESSIVE;
				GCC_WARN_UNUSED_FUNCTION = YES;
				GCC_WARN_UNUSED_VARIABLE = YES;
				IPHONEOS_DEPLOYMENT_TARGET = 16.2;
				LOCALIZATION_PREFERS_STRING_CATALOGS = YES;
				MTL_ENABLE_DEBUG_INFO = NO;
				MTL_FAST_MATH = YES;
				SDKROOT = iphoneos;
				SWIFT_COMPILATION_MODE = wholemodule;
				VALIDATE_PRODUCT = YES;
			};
			name = Release;
		};
		188DE6212BD8497600B41403 /* Debug */ = {
			isa = XCBuildConfiguration;
			baseConfigurationReference = 91ED7DDDB474C2BE0D2E3B46 /* Pods-myCofeHomeApp.debug.xcconfig */;
			buildSettings = {
				ASSETCATALOG_COMPILER_APPICON_NAME = AppIcon;
				ASSETCATALOG_COMPILER_GLOBAL_ACCENT_COLOR_NAME = AccentColor;
				CODE_SIGN_STYLE = Manual;
				CURRENT_PROJECT_VERSION = 1;
				DEVELOPMENT_TEAM = "";
				GENERATE_INFOPLIST_FILE = YES;
				INFOPLIST_FILE = myCofeHomeApp/Info.plist;
				INFOPLIST_KEY_UIApplicationSupportsIndirectInputEvents = YES;
				INFOPLIST_KEY_UILaunchStoryboardName = LaunchScreen;
				INFOPLIST_KEY_UISupportedInterfaceOrientations_iPad = "UIInterfaceOrientationPortrait UIInterfaceOrientationPortraitUpsideDown UIInterfaceOrientationLandscapeLeft UIInterfaceOrientationLandscapeRight";
				INFOPLIST_KEY_UISupportedInterfaceOrientations_iPhone = "UIInterfaceOrientationPortrait UIInterfaceOrientationLandscapeLeft UIInterfaceOrientationLandscapeRight";
				LD_RUNPATH_SEARCH_PATHS = (
					"$(inherited)",
					"@executable_path/Frameworks",
				);
				MARKETING_VERSION = 1.0;
				PRODUCT_BUNDLE_IDENTIFIER = omurbekov.myCofeHomeApp;
				PRODUCT_NAME = "$(TARGET_NAME)";
				PROVISIONING_PROFILE_SPECIFIER = "";
				SUPPORTED_PLATFORMS = "iphoneos iphonesimulator";
				SUPPORTS_MACCATALYST = NO;
				SUPPORTS_MAC_DESIGNED_FOR_IPHONE_IPAD = NO;
				SUPPORTS_XR_DESIGNED_FOR_IPHONE_IPAD = NO;
				SWIFT_EMIT_LOC_STRINGS = YES;
				SWIFT_VERSION = 5.0;
				TARGETED_DEVICE_FAMILY = 1;
			};
			name = Debug;
		};
		188DE6222BD8497600B41403 /* Release */ = {
			isa = XCBuildConfiguration;
			baseConfigurationReference = 9D7EDE43942C3970B2070A1B /* Pods-myCofeHomeApp.release.xcconfig */;
			buildSettings = {
				ASSETCATALOG_COMPILER_APPICON_NAME = AppIcon;
				ASSETCATALOG_COMPILER_GLOBAL_ACCENT_COLOR_NAME = AccentColor;
				CODE_SIGN_STYLE = Manual;
				CURRENT_PROJECT_VERSION = 1;
				DEVELOPMENT_TEAM = "";
				GENERATE_INFOPLIST_FILE = YES;
				INFOPLIST_FILE = myCofeHomeApp/Info.plist;
				INFOPLIST_KEY_UIApplicationSupportsIndirectInputEvents = YES;
				INFOPLIST_KEY_UILaunchStoryboardName = LaunchScreen;
				INFOPLIST_KEY_UISupportedInterfaceOrientations_iPad = "UIInterfaceOrientationPortrait UIInterfaceOrientationPortraitUpsideDown UIInterfaceOrientationLandscapeLeft UIInterfaceOrientationLandscapeRight";
				INFOPLIST_KEY_UISupportedInterfaceOrientations_iPhone = "UIInterfaceOrientationPortrait UIInterfaceOrientationLandscapeLeft UIInterfaceOrientationLandscapeRight";
				LD_RUNPATH_SEARCH_PATHS = (
					"$(inherited)",
					"@executable_path/Frameworks",
				);
				MARKETING_VERSION = 1.0;
				PRODUCT_BUNDLE_IDENTIFIER = omurbekov.myCofeHomeApp;
				PRODUCT_NAME = "$(TARGET_NAME)";
				PROVISIONING_PROFILE_SPECIFIER = "";
				SUPPORTED_PLATFORMS = "iphoneos iphonesimulator";
				SUPPORTS_MACCATALYST = NO;
				SUPPORTS_MAC_DESIGNED_FOR_IPHONE_IPAD = NO;
				SUPPORTS_XR_DESIGNED_FOR_IPHONE_IPAD = NO;
				SWIFT_EMIT_LOC_STRINGS = YES;
				SWIFT_VERSION = 5.0;
				TARGETED_DEVICE_FAMILY = 1;
			};
			name = Release;
		};
/* End XCBuildConfiguration section */

/* Begin XCConfigurationList section */
		188DE6072BD8497300B41403 /* Build configuration list for PBXProject "myCofeHomeApp" */ = {
			isa = XCConfigurationList;
			buildConfigurations = (
				188DE61E2BD8497600B41403 /* Debug */,
				188DE61F2BD8497600B41403 /* Release */,
			);
			defaultConfigurationIsVisible = 0;
			defaultConfigurationName = Release;
		};
		188DE6202BD8497600B41403 /* Build configuration list for PBXNativeTarget "myCofeHomeApp" */ = {
			isa = XCConfigurationList;
			buildConfigurations = (
				188DE6212BD8497600B41403 /* Debug */,
				188DE6222BD8497600B41403 /* Release */,
			);
			defaultConfigurationIsVisible = 0;
			defaultConfigurationName = Release;
		};
/* End XCConfigurationList section */
	};
	rootObject = 188DE6042BD8497300B41403 /* Project object */;
}
